
Microsoft Visual Studio Solution File, Format Version 12.00
# Visual Studio 15
VisualStudioVersion = 15.0.28307.852
MinimumVisualStudioVersion = 10.0.40219.1
Project("{FAE04EC0-301F-11D3-BF4B-00C04F79EFBC}") = "dmboar", "dmboar\dmboar.csproj", "{2A037AA7-C22D-4673-83A2-7CCCFE7E11B6}"
EndProject
Project("{2150E333-8FDC-42A3-9474-1A3956D46DE8}") = "Solution Items", "Solution Items", "{85E13D52-12AA-411C-B4EF-F8E1FEF9826B}"
EndProject
Global
	GlobalSection(SolutionConfigurationPlatforms) = preSolution
		Debug|Any CPU = Debug|Any CPU
		Release|Any CPU = Release|Any CPU
	EndGlobalSection
	GlobalSection(ProjectConfigurationPlatforms) = postSolution
		{2A037AA7-C22D-4673-83A2-7CCCFE7E11B6}.Debug|Any CPU.ActiveCfg = Debug|Any CPU
		{2A037AA7-C22D-4673-83A2-7CCCFE7E11B6}.Debug|Any CPU.Build.0 = Debug|Any CPU
		{2A037AA7-C22D-4673-83A2-7CCCFE7E11B6}.Release|Any CPU.ActiveCfg = Release|Any CPU
		{2A037AA7-C22D-4673-83A2-7CCCFE7E11B6}.Release|Any CPU.Build.0 = Release|Any CPU
	EndGlobalSection
	GlobalSection(SolutionProperties) = preSolution
		HideSolutionNode = FALSE
	EndGlobalSection
	GlobalSection(ExtensibilityGlobals) = postSolution
		SolutionGuid = {489B0C4E-D21C-495A-B738-C854740FB283}
	EndGlobalSection
EndGlobal
